{
  "note": "Data-version ledger for the mapping files. Generated by `python3 -m bmwdiag.mapping lock mappings/`. Every mapping declares a positive integer version, bumped by one on every content change; this file records the current version of each and is checked by the test suite. Includes the drive-mode table (config/modes.yaml), which is versioned data too. See docs/DATA_VERSIONING.md.",
  "mappings": [
    {
      "id": "candidate-f10-egs-transmission",
      "version": 5,
      "production": false,
      "path": "mappings/candidates/bmw/egs/f10_transmission.yaml"
    },
    {
      "id": "candidate-f10-kombi-gear",
      "version": 1,
      "production": false,
      "path": "mappings/candidates/bmw/kombi/f10_gear.yaml"
    },
    {
      "id": "candidate-f10-static-58xx",
      "version": 3,
      "production": false,
      "path": "mappings/candidates/bmw/dde/n47/f10_static_58xx.yaml"
    },
    {
      "id": "candidate-n47-d72-dpf-egr",
      "version": 3,
      "production": false,
      "path": "mappings/candidates/bmw/dde/n47/d72n47a0_dpf_egr.yaml"
    },
    {
      "id": "candidate-n47-d72-dynamic",
      "version": 5,
      "production": false,
      "path": "mappings/candidates/bmw/dde/n47/d72n47a0_dynamic.yaml"
    },
    {
      "id": "candidate-n47-d72-flow",
      "version": 4,
      "production": false,
      "path": "mappings/candidates/bmw/dde/n47/d72n47a0_flow.yaml"
    },
    {
      "id": "candidate-n47-d72-gearbox",
      "version": 3,
      "production": false,
      "path": "mappings/candidates/bmw/dde/n47/d72n47a0_gearbox.yaml"
    },
    {
      "id": "candidate-n47-dde7-kwp",
      "version": 2,
      "production": false,
      "path": "mappings/candidates/bmw/dde/n47/dde7_kwp_local_id.yaml"
    },
    {
      "id": "drive-modes",
      "version": 2,
      "production": true,
      "path": "config/modes.yaml"
    },
    {
      "id": "example-synthetic-uds",
      "version": 2,
      "production": false,
      "path": "mappings/examples/uds_example.yaml"
    },
    {
      "id": "sae-obd-engine",
      "version": 5,
      "production": true,
      "path": "mappings/obd/engine.yaml"
    }
  ]
}
